
Microsoft Visual Studio Solution File, Format Version 12.00
# Visual Studio Version 17
VisualStudioVersion = 17.7.34009.444
MinimumVisualStudioVersion = 10.0.40219.1
Project("{8BC9CEB8-8B4A-11D0-8D11-00A0C91BC942}") = "lr 2(classes)", "lr 2(classes)\lr 2(classes).vcxproj", "{C589812B-12E4-4FE1-8D69-BB4885DB9025}"
EndProject
Global
	GlobalSection(SolutionConfigurationPlatforms) = preSolution
		Debug|x64 = Debug|x64
		Debug|x86 = Debug|x86
		Release|x64 = Release|x64
		Release|x86 = Release|x86
	EndGlobalSection
	GlobalSection(ProjectConfigurationPlatforms) = postSolution
		{C589812B-12E4-4FE1-8D69-BB4885DB9025}.Debug|x64.ActiveCfg = Debug|x64
		{C589812B-12E4-4FE1-8D69-BB4885DB9025}.Debug|x64.Build.0 = Debug|x64
		{C589812B-12E4-4FE1-8D69-BB4885DB9025}.Debug|x86.ActiveCfg = Debug|Win32
		{C589812B-12E4-4FE1-8D69-BB4885DB9025}.Debug|x86.Build.0 = Debug|Win32
		{C589812B-12E4-4FE1-8D69-BB4885DB9025}.Release|x64.ActiveCfg = Release|x64
		{C589812B-12E4-4FE1-8D69-BB4885DB9025}.Release|x64.Build.0 = Release|x64
		{C589812B-12E4-4FE1-8D69-BB4885DB9025}.Release|x86.ActiveCfg = Release|Win32
		{C589812B-12E4-4FE1-8D69-BB4885DB9025}.Release|x86.Build.0 = Release|Win32
	EndGlobalSection
	GlobalSection(SolutionProperties) = preSolution
		HideSolutionNode = FALSE
	EndGlobalSection
	GlobalSection(ExtensibilityGlobals) = postSolution
		SolutionGuid = {705BC7C6-38CF-4162-AC2E-25014AA642DB}
	EndGlobalSection
EndGlobal
